
Microsoft Visual Studio Solution File, Format Version 12.00
# Visual Studio 14
VisualStudioVersion = 14.0.25420.1
MinimumVisualStudioVersion = 10.0.40219.1
Project("{FAE04EC0-301F-11D3-BF4B-00C04F79EFBC}") = "CD_Last_Saved", "CD_Last_Saved.csproj", "{82A1C72F-4EC7-43EB-ABF1-DCC1BF4C62B3}"
EndProject
Global
	GlobalSection(SolutionConfigurationPlatforms) = preSolution
		Debug|Any CPU = Debug|Any CPU
		Release|Any CPU = Release|Any CPU
	EndGlobalSection
	GlobalSection(ProjectConfigurationPlatforms) = postSolution
		{82A1C72F-4EC7-43EB-ABF1-DCC1BF4C62B3}.Debug|Any CPU.ActiveCfg = Debug|Any CPU
		{82A1C72F-4EC7-43EB-ABF1-DCC1BF4C62B3}.Debug|Any CPU.Build.0 = Debug|Any CPU
		{82A1C72F-4EC7-43EB-ABF1-DCC1BF4C62B3}.Release|Any CPU.ActiveCfg = Release|Any CPU
		{82A1C72F-4EC7-43EB-ABF1-DCC1BF4C62B3}.Release|Any CPU.Build.0 = Release|Any CPU
	EndGlobalSection
	GlobalSection(SolutionProperties) = preSolution
		HideSolutionNode = FALSE
	EndGlobalSection
EndGlobal
